{
  "version": 4,
  "terraform_version": "1.7.1",
  "serial": 187,
  "lineage": "4efab403-f934-4028-d9b9-c4d00cdcaba9",
  "outputs": {
    "dns_policy_id": {
      "value": "projects/turing-alcove-384403/responsePolicies/private-google-access1",
      "type": "string"
    },
    "firewall_id": {
      "value": {
        "egress-allow-example-google": "projects/turing-alcove-384403/global/firewalls/egress-allow-example-google",
        "egress-allow-fastly-cdn-for-pypi": "projects/turing-alcove-384403/global/firewalls/egress-allow-fastly-cdn-for-pypi",
        "egress-allow-private-gcp-services": "projects/turing-alcove-384403/global/firewalls/egress-allow-private-gcp-services",
        "egress-allow-restricted-gcp-services": "projects/turing-alcove-384403/global/firewalls/egress-allow-restricted-gcp-services",
        "egress-allow-tcp-git": "projects/turing-alcove-384403/global/firewalls/egress-allow-tcp-git",
        "egress-deny-all": "projects/turing-alcove-384403/global/firewalls/egress-deny-all",
        "ingress-allow-tcp-git": "projects/turing-alcove-384403/global/firewalls/ingress-allow-tcp-git",
        "ingress-allow-tcp-ssh-from-iap": "projects/turing-alcove-384403/global/firewalls/ingress-allow-tcp-ssh-from-iap"
      },
      "type": [
        "object",
        {
          "egress-allow-example-google": "string",
          "egress-allow-fastly-cdn-for-pypi": "string",
          "egress-allow-private-gcp-services": "string",
          "egress-allow-restricted-gcp-services": "string",
          "egress-allow-tcp-git": "string",
          "egress-deny-all": "string",
          "ingress-allow-tcp-git": "string",
          "ingress-allow-tcp-ssh-from-iap": "string"
        }
      ]
    },
    "gcr-response-policy-rule_id": {
      "value": "projects/turing-alcove-384403/responsePolicies/private-google-access1/rules/gcr-io-cname",
      "type": "string"
    },
    "gcs_bucket_self_link": {
      "value": "https://www.googleapis.com/storage/v1/b/pms-bucket-name",
      "type": "string"
    },
    "gcs_bucket_url": {
      "value": "gs://pms-bucket-name",
      "type": "string"
    },
    "google-managed-notebooks-response-policy-rule-id": {
      "value": {},
      "type": [
        "object",
        {}
      ]
    },
    "google_managed_notebook_id": {
      "value": {},
      "type": [
        "object",
        {}
      ]
    },
    "googleapis-response-policy-rule_id": {
      "value": "projects/turing-alcove-384403/responsePolicies/private-google-access1/rules/googleapis-cname",
      "type": "string"
    },
    "nat_id": {
      "value": "projects/turing-alcove-384403/regions/us-west1/routers/example-vpc-router",
      "type": "string"
    },
    "pkg-response-policy-rule_id": {
      "value": "projects/turing-alcove-384403/responsePolicies/private-google-access1/rules/pkg-dev-cname",
      "type": "string"
    },
    "private_ip_alloc_id": {
      "value": "projects/turing-alcove-384403/global/addresses/example-vpc-private-ip-alloc",
      "type": "string"
    },
    "private_ip_self_link": {
      "value": "https://www.googleapis.com/compute/v1/projects/turing-alcove-384403/global/addresses/example-vpc-private-ip-alloc",
      "type": "string"
    },
    "router_id": {
      "value": "projects/turing-alcove-384403/regions/us-west1/routers/example-vpc-router",
      "type": "string"
    },
    "router_self_link": {
      "value": "https://www.googleapis.com/compute/v1/projects/turing-alcove-384403/regions/us-west1/routers/example-vpc-router",
      "type": "string"
    },
    "subnetwork_id": {
      "value": "projects/turing-alcove-384403/regions/us-west1/subnetworks/example-vpc-vertex-subnet",
      "type": "string"
    },
    "subnetwork_self_link": {
      "value": "https://www.googleapis.com/compute/v1/projects/turing-alcove-384403/regions/us-west1/subnetworks/example-vpc-vertex-subnet",
      "type": "string"
    },
    "user-managed-notebooks-response-policy-rule-id": {
      "value": {
        "example-user-managed-instance": "projects/turing-alcove-384403/locations/us-west1-b/instances/example-user-managed-instance"
      },
      "type": [
        "object",
        {
          "example-user-managed-instance": "string"
        }
      ]
    },
    "user_managed_notebook_id": {
      "value": {
        "example-user-managed-instance": "projects/turing-alcove-384403/locations/us-west1-b/instances/example-user-managed-instance"
      },
      "type": [
        "object",
        {
          "example-user-managed-instance": "string"
        }
      ]
    },
    "vpc_id": {
      "value": "projects/turing-alcove-384403/global/networks/example-vpc",
      "type": "string"
    },
    "vpc_self_link": {
      "value": "https://www.googleapis.com/compute/v1/projects/turing-alcove-384403/global/networks/example-vpc",
      "type": "string"
    }
  },
  "resources": [
    {
      "module": "module.private_vertex_nb_instances",
      "mode": "managed",
      "type": "google_compute_firewall",
      "name": "fw_rules",
      "provider": "module.private_vertex_nb_instances.provider[\"registry.terraform.io/hashicorp/google\"]",
      "instances": [
        {
          "index_key": "egress-allow-example-google",
          "schema_version": 1,
          "attributes": {
            "allow": [
              {
                "ports": [
                  "443"
                ],
                "protocol": "tcp"
              }
            ],
            "creation_timestamp": "2024-01-27T22:15:21.114-08:00",
            "deny": [],
            "description": "Allow egress example",
            "destination_ranges": [
              "142.250.178.14/32",
              "74.125.197.0/24",
              "74.125.199.0/24"
            ],
            "direction": "EGRESS",
            "disabled": false,
            "enable_logging": null,
            "id": "projects/turing-alcove-384403/global/firewalls/egress-allow-example-google",
            "log_config": [
              {
                "metadata": "INCLUDE_ALL_METADATA"
              }
            ],
            "name": "egress-allow-example-google",
            "network": "https://www.googleapis.com/compute/v1/projects/turing-alcove-384403/global/networks/example-vpc",
            "priority": 65534,
            "project": "turing-alcove-384403",
            "self_link": "https://www.googleapis.com/compute/v1/projects/turing-alcove-384403/global/firewalls/egress-allow-example-google",
            "source_ranges": [],
            "source_service_accounts": [],
            "source_tags": [],
            "target_service_accounts": [],
            "target_tags": [],
            "timeouts": null
          },
          "sensitive_attributes": [],
          "private": "eyJlMmJmYjczMC1lY2FhLTExZTYtOGY4OC0zNDM2M2JjN2M0YzAiOnsiY3JlYXRlIjoxMjAwMDAwMDAwMDAwLCJkZWxldGUiOjEyMDAwMDAwMDAwMDAsInVwZGF0ZSI6MTIwMDAwMDAwMDAwMH0sInNjaGVtYV92ZXJzaW9uIjoiMSJ9",
          "dependencies": [
            "module.private_vertex_nb_instances.google_compute_network.vpc_network"
          ]
        },
        {
          "index_key": "egress-allow-fastly-cdn-for-pypi",
          "schema_version": 1,
          "attributes": {
            "allow": [
              {
                "ports": [
                  "443",
                  "3128"
                ],
                "protocol": "tcp"
              }
            ],
            "creation_timestamp": "2024-01-27T22:15:10.767-08:00",
            "deny": [],
            "description": "Allow egress from instances in this network to the Fastly CDN IP Ranges, which is used by PyPi",
            "destination_ranges": [
              "103.244.50.0/24",
              "103.245.222.0/23",
              "103.245.224.0/24",
              "104.156.80.0/20",
              "140.248.128.0/17",
              "140.248.64.0/18",
              "146.75.0.0/17",
              "151.101.0.0/16",
              "157.52.64.0/18",
              "167.82.0.0/17",
              "167.82.128.0/20",
              "167.82.160.0/20",
              "167.82.224.0/20",
              "172.111.64.0/18",
              "185.31.16.0/22",
              "199.232.0.0/16",
              "199.27.72.0/21",
              "23.235.32.0/20",
              "43.249.72.0/22"
            ],
            "direction": "EGRESS",
            "disabled": false,
            "enable_logging": null,
            "id": "projects/turing-alcove-384403/global/firewalls/egress-allow-fastly-cdn-for-pypi",
            "log_config": [
              {
                "metadata": "INCLUDE_ALL_METADATA"
              }
            ],
            "name": "egress-allow-fastly-cdn-for-pypi",
            "network": "https://www.googleapis.com/compute/v1/projects/turing-alcove-384403/global/networks/example-vpc",
            "priority": 65534,
            "project": "turing-alcove-384403",
            "self_link": "https://www.googleapis.com/compute/v1/projects/turing-alcove-384403/global/firewalls/egress-allow-fastly-cdn-for-pypi",
            "source_ranges": [],
            "source_service_accounts": [],
            "source_tags": [],
            "target_service_accounts": [],
            "target_tags": [],
            "timeouts": null
          },
          "sensitive_attributes": [],
          "private": "eyJlMmJmYjczMC1lY2FhLTExZTYtOGY4OC0zNDM2M2JjN2M0YzAiOnsiY3JlYXRlIjoxMjAwMDAwMDAwMDAwLCJkZWxldGUiOjEyMDAwMDAwMDAwMDAsInVwZGF0ZSI6MTIwMDAwMDAwMDAwMH0sInNjaGVtYV92ZXJzaW9uIjoiMSJ9",
          "dependencies": [
            "module.private_vertex_nb_instances.google_compute_network.vpc_network"
          ]
        },
        {
          "index_key": "egress-allow-private-gcp-services",
          "schema_version": 1,
          "attributes": {
            "allow": [
              {
                "ports": [],
                "protocol": "all"
              }
            ],
            "creation_timestamp": "2024-01-27T22:15:18.671-08:00",
            "deny": [],
            "description": "Allow egress from instances in this network to the google service apis private range",
            "destination_ranges": [
              "199.36.153.8/30"
            ],
            "direction": "EGRESS",
            "disabled": false,
            "enable_logging": null,
            "id": "projects/turing-alcove-384403/global/firewalls/egress-allow-private-gcp-services",
            "log_config": [
              {
                "metadata": "INCLUDE_ALL_METADATA"
              }
            ],
            "name": "egress-allow-private-gcp-services",
            "network": "https://www.googleapis.com/compute/v1/projects/turing-alcove-384403/global/networks/example-vpc",
            "priority": 65534,
            "project": "turing-alcove-384403",
            "self_link": "https://www.googleapis.com/compute/v1/projects/turing-alcove-384403/global/firewalls/egress-allow-private-gcp-services",
            "source_ranges": [],
            "source_service_accounts": [],
            "source_tags": [],
            "target_service_accounts": [],
            "target_tags": [],
            "timeouts": null
          },
          "sensitive_attributes": [],
          "private": "eyJlMmJmYjczMC1lY2FhLTExZTYtOGY4OC0zNDM2M2JjN2M0YzAiOnsiY3JlYXRlIjoxMjAwMDAwMDAwMDAwLCJkZWxldGUiOjEyMDAwMDAwMDAwMDAsInVwZGF0ZSI6MTIwMDAwMDAwMDAwMH0sInNjaGVtYV92ZXJzaW9uIjoiMSJ9",
          "dependencies": [
            "module.private_vertex_nb_instances.google_compute_network.vpc_network"
          ]
        },
        {
          "index_key": "egress-allow-restricted-gcp-services",
          "schema_version": 1,
          "attributes": {
            "allow": [
              {
                "ports": [],
                "protocol": "all"
              }
            ],
            "creation_timestamp": "2024-01-27T22:15:08.918-08:00",
            "deny": [],
            "description": "Allow egress from instances in this network to the google service apis restricted range",
            "destination_ranges": [
              "199.36.153.4/30"
            ],
            "direction": "EGRESS",
            "disabled": false,
            "enable_logging": null,
            "id": "projects/turing-alcove-384403/global/firewalls/egress-allow-restricted-gcp-services",
            "log_config": [
              {
                "metadata": "INCLUDE_ALL_METADATA"
              }
            ],
            "name": "egress-allow-restricted-gcp-services",
            "network": "https://www.googleapis.com/compute/v1/projects/turing-alcove-384403/global/networks/example-vpc",
            "priority": 65534,
            "project": "turing-alcove-384403",
            "self_link": "https://www.googleapis.com/compute/v1/projects/turing-alcove-384403/global/firewalls/egress-allow-restricted-gcp-services",
            "source_ranges": [],
            "source_service_accounts": [],
            "source_tags": [],
            "target_service_accounts": [],
            "target_tags": [],
            "timeouts": null
          },
          "sensitive_attributes": [],
          "private": "eyJlMmJmYjczMC1lY2FhLTExZTYtOGY4OC0zNDM2M2JjN2M0YzAiOnsiY3JlYXRlIjoxMjAwMDAwMDAwMDAwLCJkZWxldGUiOjEyMDAwMDAwMDAwMDAsInVwZGF0ZSI6MTIwMDAwMDAwMDAwMH0sInNjaGVtYV92ZXJzaW9uIjoiMSJ9",
          "dependencies": [
            "module.private_vertex_nb_instances.google_compute_network.vpc_network"
          ]
        },
        {
          "index_key": "egress-allow-tcp-git",
          "schema_version": 1,
          "attributes": {
            "allow": [
              {
                "ports": [
                  "22",
                  "80",
                  "443",
                  "9418"
                ],
                "protocol": "tcp"
              }
            ],
            "creation_timestamp": "2024-01-27T22:15:09.282-08:00",
            "deny": [],
            "description": "To allow connection to GitHub git endpoints - Egress",
            "destination_ranges": [
              "140.82.112.0/20",
              "140.82.112.33/32",
              "140.82.112.34/32",
              "140.82.113.33/32",
              "140.82.113.34/32",
              "140.82.114.33/32",
              "140.82.114.34/32",
              "140.82.121.33/32",
              "140.82.121.34/32",
              "143.55.64.0/20",
              "185.199.108.0/22",
              "192.30.252.0/22",
              "192.30.255.164/31",
              "20.200.245.241/32",
              "20.200.245.245/32",
              "20.200.245.247/32",
              "20.200.245.248/32",
              "20.201.28.144/32",
              "20.201.28.148/32",
              "20.201.28.151/32",
              "20.201.28.152/32",
              "20.205.243.160/32",
              "20.205.243.164/32",
              "20.205.243.166/32",
              "20.205.243.168/32",
              "20.207.73.82/32",
              "20.207.73.83/32",
              "20.207.73.85/32",
              "20.207.73.86/32",
              "20.233.54.49/32",
              "20.233.54.52/32",
              "20.233.54.53/32",
              "20.233.54.55/32",
              "20.248.137.48/32",
              "20.248.137.49/32",
              "20.248.137.50/32",
              "20.248.137.52/32",
              "20.27.177.113/32",
              "20.27.177.116/32",
              "20.27.177.117/32",
              "20.27.177.118/32",
              "20.87.225.211/32",
              "20.87.225.212/32",
              "20.87.225.214/32",
              "20.87.225.216/32"
            ],
            "direction": "EGRESS",
            "disabled": false,
            "enable_logging": null,
            "id": "projects/turing-alcove-384403/global/firewalls/egress-allow-tcp-git",
            "log_config": [
              {
                "metadata": "INCLUDE_ALL_METADATA"
              }
            ],
            "name": "egress-allow-tcp-git",
            "network": "https://www.googleapis.com/compute/v1/projects/turing-alcove-384403/global/networks/example-vpc",
            "priority": 65534,
            "project": "turing-alcove-384403",
            "self_link": "https://www.googleapis.com/compute/v1/projects/turing-alcove-384403/global/firewalls/egress-allow-tcp-git",
            "source_ranges": [],
            "source_service_accounts": [],
            "source_tags": [],
            "target_service_accounts": [],
            "target_tags": [],
            "timeouts": null
          },
          "sensitive_attributes": [],
          "private": "eyJlMmJmYjczMC1lY2FhLTExZTYtOGY4OC0zNDM2M2JjN2M0YzAiOnsiY3JlYXRlIjoxMjAwMDAwMDAwMDAwLCJkZWxldGUiOjEyMDAwMDAwMDAwMDAsInVwZGF0ZSI6MTIwMDAwMDAwMDAwMH0sInNjaGVtYV92ZXJzaW9uIjoiMSJ9",
          "dependencies": [
            "module.private_vertex_nb_instances.google_compute_network.vpc_network"
          ]
        },
        {
          "index_key": "egress-deny-all",
          "schema_version": 1,
          "attributes": {
            "allow": [],
            "creation_timestamp": "2024-01-27T22:15:10.168-08:00",
            "deny": [
              {
                "ports": [],
                "protocol": "all"
              }
            ],
            "description": "Blanket default deny rule for egress",
            "destination_ranges": [
              "0.0.0.0/0"
            ],
            "direction": "EGRESS",
            "disabled": false,
            "enable_logging": null,
            "id": "projects/turing-alcove-384403/global/firewalls/egress-deny-all",
            "log_config": [
              {
                "metadata": "INCLUDE_ALL_METADATA"
              }
            ],
            "name": "egress-deny-all",
            "network": "https://www.googleapis.com/compute/v1/projects/turing-alcove-384403/global/networks/example-vpc",
            "priority": 65535,
            "project": "turing-alcove-384403",
            "self_link": "https://www.googleapis.com/compute/v1/projects/turing-alcove-384403/global/firewalls/egress-deny-all",
            "source_ranges": [],
            "source_service_accounts": [],
            "source_tags": [],
            "target_service_accounts": [],
            "target_tags": [],
            "timeouts": null
          },
          "sensitive_attributes": [],
          "private": "eyJlMmJmYjczMC1lY2FhLTExZTYtOGY4OC0zNDM2M2JjN2M0YzAiOnsiY3JlYXRlIjoxMjAwMDAwMDAwMDAwLCJkZWxldGUiOjEyMDAwMDAwMDAwMDAsInVwZGF0ZSI6MTIwMDAwMDAwMDAwMH0sInNjaGVtYV92ZXJzaW9uIjoiMSJ9",
          "dependencies": [
            "module.private_vertex_nb_instances.google_compute_network.vpc_network"
          ]
        },
        {
          "index_key": "ingress-allow-tcp-git",
          "schema_version": 1,
          "attributes": {
            "allow": [
              {
                "ports": [
                  "22",
                  "80",
                  "443",
                  "9418"
                ],
                "protocol": "tcp"
              }
            ],
            "creation_timestamp": "2024-01-27T22:15:10.582-08:00",
            "deny": [],
            "description": "To allow connection to GitHub git endpoints - Ingress",
            "destination_ranges": [],
            "direction": "INGRESS",
            "disabled": false,
            "enable_logging": null,
            "id": "projects/turing-alcove-384403/global/firewalls/ingress-allow-tcp-git",
            "log_config": [
              {
                "metadata": "INCLUDE_ALL_METADATA"
              }
            ],
            "name": "ingress-allow-tcp-git",
            "network": "https://www.googleapis.com/compute/v1/projects/turing-alcove-384403/global/networks/example-vpc",
            "priority": 65534,
            "project": "turing-alcove-384403",
            "self_link": "https://www.googleapis.com/compute/v1/projects/turing-alcove-384403/global/firewalls/ingress-allow-tcp-git",
            "source_ranges": [
              "140.82.112.0/20",
              "140.82.112.33/32",
              "140.82.112.34/32",
              "140.82.113.33/32",
              "140.82.113.34/32",
              "140.82.114.33/32",
              "140.82.114.34/32",
              "140.82.121.33/32",
              "140.82.121.34/32",
              "143.55.64.0/20",
              "185.199.108.0/22",
              "192.30.252.0/22",
              "192.30.255.164/31",
              "20.200.245.241/32",
              "20.200.245.245/32",
              "20.200.245.247/32",
              "20.200.245.248/32",
              "20.201.28.144/32",
              "20.201.28.148/32",
              "20.201.28.151/32",
              "20.201.28.152/32",
              "20.205.243.160/32",
              "20.205.243.164/32",
              "20.205.243.166/32",
              "20.205.243.168/32",
              "20.207.73.82/32",
              "20.207.73.83/32",
              "20.207.73.85/32",
              "20.207.73.86/32",
              "20.233.54.49/32",
              "20.233.54.52/32",
              "20.233.54.53/32",
              "20.233.54.55/32",
              "20.248.137.48/32",
              "20.248.137.49/32",
              "20.248.137.50/32",
              "20.248.137.52/32",
              "20.27.177.113/32",
              "20.27.177.116/32",
              "20.27.177.117/32",
              "20.27.177.118/32",
              "20.87.225.211/32",
              "20.87.225.212/32",
              "20.87.225.214/32",
              "20.87.225.216/32"
            ],
            "source_service_accounts": [],
            "source_tags": [],
            "target_service_accounts": [],
            "target_tags": [],
            "timeouts": null
          },
          "sensitive_attributes": [],
          "private": "eyJlMmJmYjczMC1lY2FhLTExZTYtOGY4OC0zNDM2M2JjN2M0YzAiOnsiY3JlYXRlIjoxMjAwMDAwMDAwMDAwLCJkZWxldGUiOjEyMDAwMDAwMDAwMDAsInVwZGF0ZSI6MTIwMDAwMDAwMDAwMH0sInNjaGVtYV92ZXJzaW9uIjoiMSJ9",
          "dependencies": [
            "module.private_vertex_nb_instances.google_compute_network.vpc_network"
          ]
        },
        {
          "index_key": "ingress-allow-tcp-ssh-from-iap",
          "schema_version": 1,
          "attributes": {
            "allow": [
              {
                "ports": [
                  "22"
                ],
                "protocol": "tcp"
              }
            ],
            "creation_timestamp": "2024-01-27T22:15:18.572-08:00",
            "deny": [],
            "description": "FW rules required to ssh into instances via IAP - useful for diagnosing faulty notebooks/instances",
            "destination_ranges": [],
            "direction": "INGRESS",
            "disabled": false,
            "enable_logging": null,
            "id": "projects/turing-alcove-384403/global/firewalls/ingress-allow-tcp-ssh-from-iap",
            "log_config": [
              {
                "metadata": "INCLUDE_ALL_METADATA"
              }
            ],
            "name": "ingress-allow-tcp-ssh-from-iap",
            "network": "https://www.googleapis.com/compute/v1/projects/turing-alcove-384403/global/networks/example-vpc",
            "priority": 65534,
            "project": "turing-alcove-384403",
            "self_link": "https://www.googleapis.com/compute/v1/projects/turing-alcove-384403/global/firewalls/ingress-allow-tcp-ssh-from-iap",
            "source_ranges": [
              "35.235.240.0/20"
            ],
            "source_service_accounts": [],
            "source_tags": [],
            "target_service_accounts": [],
            "target_tags": [],
            "timeouts": null
          },
          "sensitive_attributes": [],
          "private": "eyJlMmJmYjczMC1lY2FhLTExZTYtOGY4OC0zNDM2M2JjN2M0YzAiOnsiY3JlYXRlIjoxMjAwMDAwMDAwMDAwLCJkZWxldGUiOjEyMDAwMDAwMDAwMDAsInVwZGF0ZSI6MTIwMDAwMDAwMDAwMH0sInNjaGVtYV92ZXJzaW9uIjoiMSJ9",
          "dependencies": [
            "module.private_vertex_nb_instances.google_compute_network.vpc_network"
          ]
        }
      ]
    },
    {
      "module": "module.private_vertex_nb_instances",
      "mode": "managed",
      "type": "google_compute_global_address",
      "name": "private_ip_alloc",
      "provider": "module.private_vertex_nb_instances.provider[\"registry.terraform.io/hashicorp/google\"]",
      "instances": [
        {
          "schema_version": 0,
          "attributes": {
            "address": "10.71.0.0",
            "address_type": "INTERNAL",
            "creation_timestamp": "2024-01-27T22:15:06.420-08:00",
            "description": "",
            "id": "projects/turing-alcove-384403/global/addresses/example-vpc-private-ip-alloc",
            "ip_version": "",
            "name": "example-vpc-private-ip-alloc",
            "network": "https://www.googleapis.com/compute/v1/projects/turing-alcove-384403/global/networks/example-vpc",
            "prefix_length": 16,
            "project": "turing-alcove-384403",
            "purpose": "VPC_PEERING",
            "self_link": "https://www.googleapis.com/compute/v1/projects/turing-alcove-384403/global/addresses/example-vpc-private-ip-alloc",
            "timeouts": null
          },
          "sensitive_attributes": [],
          "private": "eyJlMmJmYjczMC1lY2FhLTExZTYtOGY4OC0zNDM2M2JjN2M0YzAiOnsiY3JlYXRlIjoxMjAwMDAwMDAwMDAwLCJkZWxldGUiOjEyMDAwMDAwMDAwMDB9fQ==",
          "dependencies": [
            "module.private_vertex_nb_instances.google_compute_network.vpc_network"
          ]
        }
      ]
    },
    {
      "module": "module.private_vertex_nb_instances",
      "mode": "managed",
      "type": "google_compute_network",
      "name": "vpc_network",
      "provider": "module.private_vertex_nb_instances.provider[\"registry.terraform.io/hashicorp/google\"]",
      "instances": [
        {
          "schema_version": 0,
          "attributes": {
            "auto_create_subnetworks": false,
            "delete_default_routes_on_create": true,
            "description": "",
            "enable_ula_internal_ipv6": false,
            "gateway_ipv4": "",
            "id": "projects/turing-alcove-384403/global/networks/example-vpc",
            "internal_ipv6_range": "",
            "mtu": 1460,
            "name": "example-vpc",
            "network_firewall_policy_enforcement_order": "AFTER_CLASSIC_FIREWALL",
            "numeric_id": "5801318187905076798",
            "project": "turing-alcove-384403",
            "routing_mode": "REGIONAL",
            "self_link": "https://www.googleapis.com/compute/v1/projects/turing-alcove-384403/global/networks/example-vpc",
            "timeouts": null
          },
          "sensitive_attributes": [],
          "private": "eyJlMmJmYjczMC1lY2FhLTExZTYtOGY4OC0zNDM2M2JjN2M0YzAiOnsiY3JlYXRlIjoxMjAwMDAwMDAwMDAwLCJkZWxldGUiOjEyMDAwMDAwMDAwMDAsInVwZGF0ZSI6MTIwMDAwMDAwMDAwMH19"
        }
      ]
    },
    {
      "module": "module.private_vertex_nb_instances",
      "mode": "managed",
      "type": "google_compute_route",
      "name": "default_internet_gateway",
      "provider": "module.private_vertex_nb_instances.provider[\"registry.terraform.io/hashicorp/google\"]",
      "instances": [
        {
          "schema_version": 0,
          "attributes": {
            "description": "",
            "dest_range": "0.0.0.0/0",
            "id": "projects/turing-alcove-384403/global/routes/example-vpc-default-internet-gw",
            "name": "example-vpc-default-internet-gw",
            "network": "https://www.googleapis.com/compute/v1/projects/turing-alcove-384403/global/networks/example-vpc",
            "next_hop_gateway": "https://www.googleapis.com/compute/v1/projects/turing-alcove-384403/global/gateways/default-internet-gateway",
            "next_hop_ilb": "",
            "next_hop_instance": "",
            "next_hop_instance_zone": null,
            "next_hop_ip": "",
            "next_hop_network": "",
            "next_hop_vpn_tunnel": "",
            "priority": 1000,
            "project": "turing-alcove-384403",
            "self_link": "https://www.googleapis.com/compute/v1/projects/turing-alcove-384403/global/routes/example-vpc-default-internet-gw",
            "tags": [],
            "timeouts": null
          },
          "sensitive_attributes": [],
          "private": "eyJlMmJmYjczMC1lY2FhLTExZTYtOGY4OC0zNDM2M2JjN2M0YzAiOnsiY3JlYXRlIjoxMjAwMDAwMDAwMDAwLCJkZWxldGUiOjEyMDAwMDAwMDAwMDB9fQ==",
          "dependencies": [
            "module.private_vertex_nb_instances.google_compute_network.vpc_network"
          ]
        }
      ]
    },
    {
      "module": "module.private_vertex_nb_instances",
      "mode": "managed",
      "type": "google_compute_route",
      "name": "private_googleapis_ips",
      "provider": "module.private_vertex_nb_instances.provider[\"registry.terraform.io/hashicorp/google\"]",
      "instances": [
        {
          "schema_version": 0,
          "attributes": {
            "description": "",
            "dest_range": "199.36.153.8/30",
            "id": "projects/turing-alcove-384403/global/routes/private-googleapis",
            "name": "private-googleapis",
            "network": "https://www.googleapis.com/compute/v1/projects/turing-alcove-384403/global/networks/example-vpc",
            "next_hop_gateway": "https://www.googleapis.com/compute/v1/projects/turing-alcove-384403/global/gateways/default-internet-gateway",
            "next_hop_ilb": "",
            "next_hop_instance": "",
            "next_hop_instance_zone": null,
            "next_hop_ip": "",
            "next_hop_network": "",
            "next_hop_vpn_tunnel": "",
            "priority": 100,
            "project": "turing-alcove-384403",
            "self_link": "https://www.googleapis.com/compute/v1/projects/turing-alcove-384403/global/routes/private-googleapis",
            "tags": [],
            "timeouts": null
          },
          "sensitive_attributes": [],
          "private": "eyJlMmJmYjczMC1lY2FhLTExZTYtOGY4OC0zNDM2M2JjN2M0YzAiOnsiY3JlYXRlIjoxMjAwMDAwMDAwMDAwLCJkZWxldGUiOjEyMDAwMDAwMDAwMDB9fQ==",
          "dependencies": [
            "module.private_vertex_nb_instances.google_compute_network.vpc_network"
          ]
        }
      ]
    },
    {
      "module": "module.private_vertex_nb_instances",
      "mode": "managed",
      "type": "google_compute_route",
      "name": "restricted_googleapis_ips",
      "provider": "module.private_vertex_nb_instances.provider[\"registry.terraform.io/hashicorp/google\"]",
      "instances": [
        {
          "schema_version": 0,
          "attributes": {
            "description": "",
            "dest_range": "199.36.153.4/30",
            "id": "projects/turing-alcove-384403/global/routes/restricted-googleapis",
            "name": "restricted-googleapis",
            "network": "https://www.googleapis.com/compute/v1/projects/turing-alcove-384403/global/networks/example-vpc",
            "next_hop_gateway": "https://www.googleapis.com/compute/v1/projects/turing-alcove-384403/global/gateways/default-internet-gateway",
            "next_hop_ilb": "",
            "next_hop_instance": "",
            "next_hop_instance_zone": null,
            "next_hop_ip": "",
            "next_hop_network": "",
            "next_hop_vpn_tunnel": "",
            "priority": 100,
            "project": "turing-alcove-384403",
            "self_link": "https://www.googleapis.com/compute/v1/projects/turing-alcove-384403/global/routes/restricted-googleapis",
            "tags": [],
            "timeouts": null
          },
          "sensitive_attributes": [],
          "private": "eyJlMmJmYjczMC1lY2FhLTExZTYtOGY4OC0zNDM2M2JjN2M0YzAiOnsiY3JlYXRlIjoxMjAwMDAwMDAwMDAwLCJkZWxldGUiOjEyMDAwMDAwMDAwMDB9fQ==",
          "dependencies": [
            "module.private_vertex_nb_instances.google_compute_network.vpc_network"
          ]
        }
      ]
    },
    {
      "module": "module.private_vertex_nb_instances",
      "mode": "managed",
      "type": "google_compute_router",
      "name": "router",
      "provider": "module.private_vertex_nb_instances.provider[\"registry.terraform.io/hashicorp/google\"]",
      "instances": [
        {
          "schema_version": 0,
          "attributes": {
            "bgp": [],
            "creation_timestamp": "2024-01-27T22:15:07.811-08:00",
            "description": "",
            "encrypted_interconnect_router": false,
            "id": "projects/turing-alcove-384403/regions/us-west1/routers/example-vpc-router",
            "name": "example-vpc-router",
            "network": "https://www.googleapis.com/compute/v1/projects/turing-alcove-384403/global/networks/example-vpc",
            "project": "turing-alcove-384403",
            "region": "us-west1",
            "self_link": "https://www.googleapis.com/compute/v1/projects/turing-alcove-384403/regions/us-west1/routers/example-vpc-router",
            "timeouts": null
          },
          "sensitive_attributes": [],
          "private": "eyJlMmJmYjczMC1lY2FhLTExZTYtOGY4OC0zNDM2M2JjN2M0YzAiOnsiY3JlYXRlIjoxMjAwMDAwMDAwMDAwLCJkZWxldGUiOjEyMDAwMDAwMDAwMDAsInVwZGF0ZSI6MTIwMDAwMDAwMDAwMH19",
          "dependencies": [
            "module.private_vertex_nb_instances.google_compute_network.vpc_network"
          ]
        }
      ]
    },
    {
      "module": "module.private_vertex_nb_instances",
      "mode": "managed",
      "type": "google_compute_router_nat",
      "name": "nat",
      "provider": "module.private_vertex_nb_instances.provider[\"registry.terraform.io/hashicorp/google\"]",
      "instances": [
        {
          "schema_version": 0,
          "attributes": {
            "drain_nat_ips": [],
            "enable_dynamic_port_allocation": false,
            "enable_endpoint_independent_mapping": false,
            "icmp_idle_timeout_sec": 30,
            "id": "turing-alcove-384403/us-west1/example-vpc-router/example-vpc-vertex-nat",
            "log_config": [
              {
                "enable": true,
                "filter": "ERRORS_ONLY"
              }
            ],
            "max_ports_per_vm": 0,
            "min_ports_per_vm": 0,
            "name": "example-vpc-vertex-nat",
            "nat_ip_allocate_option": "AUTO_ONLY",
            "nat_ips": [],
            "project": "turing-alcove-384403",
            "region": "us-west1",
            "router": "example-vpc-router",
            "rules": [],
            "source_subnetwork_ip_ranges_to_nat": "LIST_OF_SUBNETWORKS",
            "subnetwork": [
              {
                "name": "https://www.googleapis.com/compute/v1/projects/turing-alcove-384403/regions/us-west1/subnetworks/example-vpc-vertex-subnet",
                "secondary_ip_range_names": [],
                "source_ip_ranges_to_nat": [
                  "ALL_IP_RANGES"
                ]
              }
            ],
            "tcp_established_idle_timeout_sec": 1200,
            "tcp_time_wait_timeout_sec": 120,
            "tcp_transitory_idle_timeout_sec": 30,
            "timeouts": null,
            "udp_idle_timeout_sec": 30
          },
          "sensitive_attributes": [],
          "private": "eyJlMmJmYjczMC1lY2FhLTExZTYtOGY4OC0zNDM2M2JjN2M0YzAiOnsiY3JlYXRlIjoxMjAwMDAwMDAwMDAwLCJkZWxldGUiOjEyMDAwMDAwMDAwMDAsInVwZGF0ZSI6MTIwMDAwMDAwMDAwMH19",
          "dependencies": [
            "module.private_vertex_nb_instances.google_compute_network.vpc_network",
            "module.private_vertex_nb_instances.google_compute_router.router",
            "module.private_vertex_nb_instances.google_compute_subnetwork.vertex-subnetwork"
          ]
        }
      ]
    },
    {
      "module": "module.private_vertex_nb_instances",
      "mode": "managed",
      "type": "google_compute_subnetwork",
      "name": "vertex-subnetwork",
      "provider": "module.private_vertex_nb_instances.provider[\"registry.terraform.io/hashicorp/google\"]",
      "instances": [
        {
          "schema_version": 0,
          "attributes": {
            "creation_timestamp": "2024-01-27T22:15:08.736-08:00",
            "description": "",
            "external_ipv6_prefix": "",
            "fingerprint": null,
            "gateway_address": "10.1.0.1",
            "id": "projects/turing-alcove-384403/regions/us-west1/subnetworks/example-vpc-vertex-subnet",
            "internal_ipv6_prefix": "",
            "ip_cidr_range": "10.1.0.0/24",
            "ipv6_access_type": "",
            "ipv6_cidr_range": "",
            "log_config": [],
            "name": "example-vpc-vertex-subnet",
            "network": "https://www.googleapis.com/compute/v1/projects/turing-alcove-384403/global/networks/example-vpc",
            "private_ip_google_access": true,
            "private_ipv6_google_access": "DISABLE_GOOGLE_ACCESS",
            "project": "turing-alcove-384403",
            "purpose": "PRIVATE",
            "region": "us-west1",
            "role": "",
            "secondary_ip_range": [],
            "self_link": "https://www.googleapis.com/compute/v1/projects/turing-alcove-384403/regions/us-west1/subnetworks/example-vpc-vertex-subnet",
            "stack_type": "IPV4_ONLY",
            "timeouts": null
          },
          "sensitive_attributes": [],
          "private": "eyJlMmJmYjczMC1lY2FhLTExZTYtOGY4OC0zNDM2M2JjN2M0YzAiOnsiY3JlYXRlIjoxMjAwMDAwMDAwMDAwLCJkZWxldGUiOjEyMDAwMDAwMDAwMDAsInVwZGF0ZSI6MTIwMDAwMDAwMDAwMH19",
          "dependencies": [
            "module.private_vertex_nb_instances.google_compute_network.vpc_network"
          ]
        }
      ]
    },
    {
      "module": "module.private_vertex_nb_instances",
      "mode": "managed",
      "type": "google_dns_response_policy",
      "name": "pga-response-policy",
      "provider": "provider[\"registry.terraform.io/hashicorp/google-beta\"]",
      "instances": [
        {
          "schema_version": 0,
          "attributes": {
            "description": "DNS Response Policy for enabling private access to Google Services APIs, gcr.io, pkr.dev and any other required hostnames",
            "gke_clusters": [],
            "id": "projects/turing-alcove-384403/responsePolicies/private-google-access1",
            "networks": [
              {
                "network_url": "https://compute.googleapis.com/compute/v1/projects/turing-alcove-384403/global/networks/example-vpc"
              }
            ],
            "project": "turing-alcove-384403",
            "response_policy_name": "private-google-access1",
            "timeouts": null
          },
          "sensitive_attributes": [],
          "private": "eyJlMmJmYjczMC1lY2FhLTExZTYtOGY4OC0zNDM2M2JjN2M0YzAiOnsiY3JlYXRlIjoxMjAwMDAwMDAwMDAwLCJkZWxldGUiOjEyMDAwMDAwMDAwMDAsInVwZGF0ZSI6MTIwMDAwMDAwMDAwMH19",
          "dependencies": [
            "module.private_vertex_nb_instances.google_compute_network.vpc_network"
          ]
        }
      ]
    },
    {
      "module": "module.private_vertex_nb_instances",
      "mode": "managed",
      "type": "google_dns_response_policy_rule",
      "name": "gcr-response-policy-rule-a",
      "provider": "provider[\"registry.terraform.io/hashicorp/google-beta\"]",
      "instances": [
        {
          "schema_version": 0,
          "attributes": {
            "behavior": "",
            "dns_name": "gcr.io.",
            "id": "projects/turing-alcove-384403/responsePolicies/private-google-access1/rules/gcr-io-a",
            "local_data": [
              {
                "local_datas": [
                  {
                    "name": "gcr.io.",
                    "rrdatas": [
                      "199.36.153.8",
                      "199.36.153.9",
                      "199.36.153.10",
                      "199.36.153.11"
                    ],
                    "ttl": 300,
                    "type": "A"
                  }
                ]
              }
            ],
            "project": "turing-alcove-384403",
            "response_policy": "private-google-access1",
            "rule_name": "gcr-io-a",
            "timeouts": null
          },
          "sensitive_attributes": [],
          "private": "eyJlMmJmYjczMC1lY2FhLTExZTYtOGY4OC0zNDM2M2JjN2M0YzAiOnsiY3JlYXRlIjoxMjAwMDAwMDAwMDAwLCJkZWxldGUiOjEyMDAwMDAwMDAwMDAsInVwZGF0ZSI6MTIwMDAwMDAwMDAwMH19",
          "dependencies": [
            "module.private_vertex_nb_instances.google_compute_network.vpc_network",
            "module.private_vertex_nb_instances.google_dns_response_policy.pga-response-policy"
          ]
        }
      ]
    },
    {
      "module": "module.private_vertex_nb_instances",
      "mode": "managed",
      "type": "google_dns_response_policy_rule",
      "name": "gcr-response-policy-rule-cname",
      "provider": "provider[\"registry.terraform.io/hashicorp/google-beta\"]",
      "instances": [
        {
          "schema_version": 0,
          "attributes": {
            "behavior": "",
            "dns_name": "*.gcr.io.",
            "id": "projects/turing-alcove-384403/responsePolicies/private-google-access1/rules/gcr-io-cname",
            "local_data": [
              {
                "local_datas": [
                  {
                    "name": "*.gcr.io.",
                    "rrdatas": [
                      "gcr.io."
                    ],
                    "ttl": 300,
                    "type": "CNAME"
                  }
                ]
              }
            ],
            "project": "turing-alcove-384403",
            "response_policy": "private-google-access1",
            "rule_name": "gcr-io-cname",
            "timeouts": null
          },
          "sensitive_attributes": [],
          "private": "eyJlMmJmYjczMC1lY2FhLTExZTYtOGY4OC0zNDM2M2JjN2M0YzAiOnsiY3JlYXRlIjoxMjAwMDAwMDAwMDAwLCJkZWxldGUiOjEyMDAwMDAwMDAwMDAsInVwZGF0ZSI6MTIwMDAwMDAwMDAwMH19",
          "dependencies": [
            "module.private_vertex_nb_instances.google_compute_network.vpc_network",
            "module.private_vertex_nb_instances.google_dns_response_policy.pga-response-policy"
          ]
        }
      ]
    },
    {
      "module": "module.private_vertex_nb_instances",
      "mode": "managed",
      "type": "google_dns_response_policy_rule",
      "name": "googleapis-response-policy-rule-cname",
      "provider": "provider[\"registry.terraform.io/hashicorp/google-beta\"]",
      "instances": [
        {
          "schema_version": 0,
          "attributes": {
            "behavior": "",
            "dns_name": "*.googleapis.com.",
            "id": "projects/turing-alcove-384403/responsePolicies/private-google-access1/rules/googleapis-cname",
            "local_data": [
              {
                "local_datas": [
                  {
                    "name": "*.googleapis.com.",
                    "rrdatas": [
                      "private.googleapis.com."
                    ],
                    "ttl": 300,
                    "type": "CNAME"
                  }
                ]
              }
            ],
            "project": "turing-alcove-384403",
            "response_policy": "private-google-access1",
            "rule_name": "googleapis-cname",
            "timeouts": null
          },
          "sensitive_attributes": [],
          "private": "eyJlMmJmYjczMC1lY2FhLTExZTYtOGY4OC0zNDM2M2JjN2M0YzAiOnsiY3JlYXRlIjoxMjAwMDAwMDAwMDAwLCJkZWxldGUiOjEyMDAwMDAwMDAwMDAsInVwZGF0ZSI6MTIwMDAwMDAwMDAwMH19",
          "dependencies": [
            "module.private_vertex_nb_instances.google_compute_network.vpc_network",
            "module.private_vertex_nb_instances.google_dns_response_policy.pga-response-policy"
          ]
        }
      ]
    },
    {
      "module": "module.private_vertex_nb_instances",
      "mode": "managed",
      "type": "google_dns_response_policy_rule",
      "name": "notebooks-response-policy-rule-a",
      "provider": "provider[\"registry.terraform.io/hashicorp/google-beta\"]",
      "instances": [
        {
          "schema_version": 0,
          "attributes": {
            "behavior": "",
            "dns_name": "notebooks.cloud.google.com.",
            "id": "projects/turing-alcove-384403/responsePolicies/private-google-access1/rules/notebooks-a",
            "local_data": [
              {
                "local_datas": [
                  {
                    "name": "notebooks.cloud.google.com.",
                    "rrdatas": [
                      "199.36.153.8",
                      "199.36.153.9",
                      "199.36.153.10",
                      "199.36.153.11"
                    ],
                    "ttl": 300,
                    "type": "A"
                  }
                ]
              }
            ],
            "project": "turing-alcove-384403",
            "response_policy": "private-google-access1",
            "rule_name": "notebooks-a",
            "timeouts": null
          },
          "sensitive_attributes": [],
          "private": "eyJlMmJmYjczMC1lY2FhLTExZTYtOGY4OC0zNDM2M2JjN2M0YzAiOnsiY3JlYXRlIjoxMjAwMDAwMDAwMDAwLCJkZWxldGUiOjEyMDAwMDAwMDAwMDAsInVwZGF0ZSI6MTIwMDAwMDAwMDAwMH19",
          "dependencies": [
            "module.private_vertex_nb_instances.google_compute_network.vpc_network",
            "module.private_vertex_nb_instances.google_dns_response_policy.pga-response-policy"
          ]
        }
      ]
    },
    {
      "module": "module.private_vertex_nb_instances",
      "mode": "managed",
      "type": "google_dns_response_policy_rule",
      "name": "notebooks-response-policy-rule-cname",
      "provider": "provider[\"registry.terraform.io/hashicorp/google-beta\"]",
      "instances": [
        {
          "schema_version": 0,
          "attributes": {
            "behavior": "",
            "dns_name": "*.notebooks.cloud.google.com.",
            "id": "projects/turing-alcove-384403/responsePolicies/private-google-access1/rules/notebooks-cname",
            "local_data": [
              {
                "local_datas": [
                  {
                    "name": "*.notebooks.cloud.google.com.",
                    "rrdatas": [
                      "notebooks.cloud.google.com."
                    ],
                    "ttl": 300,
                    "type": "CNAME"
                  }
                ]
              }
            ],
            "project": "turing-alcove-384403",
            "response_policy": "private-google-access1",
            "rule_name": "notebooks-cname",
            "timeouts": null
          },
          "sensitive_attributes": [],
          "private": "eyJlMmJmYjczMC1lY2FhLTExZTYtOGY4OC0zNDM2M2JjN2M0YzAiOnsiY3JlYXRlIjoxMjAwMDAwMDAwMDAwLCJkZWxldGUiOjEyMDAwMDAwMDAwMDAsInVwZGF0ZSI6MTIwMDAwMDAwMDAwMH19",
          "dependencies": [
            "module.private_vertex_nb_instances.google_compute_network.vpc_network",
            "module.private_vertex_nb_instances.google_dns_response_policy.pga-response-policy"
          ]
        }
      ]
    },
    {
      "module": "module.private_vertex_nb_instances",
      "mode": "managed",
      "type": "google_dns_response_policy_rule",
      "name": "pkg-dev-response-policy-rule-a",
      "provider": "provider[\"registry.terraform.io/hashicorp/google-beta\"]",
      "instances": [
        {
          "schema_version": 0,
          "attributes": {
            "behavior": "",
            "dns_name": "pkg.dev.",
            "id": "projects/turing-alcove-384403/responsePolicies/private-google-access1/rules/pkg-dev-a",
            "local_data": [
              {
                "local_datas": [
                  {
                    "name": "pkg.dev.",
                    "rrdatas": [
                      "199.36.153.8",
                      "199.36.153.9",
                      "199.36.153.10",
                      "199.36.153.11"
                    ],
                    "ttl": 300,
                    "type": "A"
                  }
                ]
              }
            ],
            "project": "turing-alcove-384403",
            "response_policy": "private-google-access1",
            "rule_name": "pkg-dev-a",
            "timeouts": null
          },
          "sensitive_attributes": [],
          "private": "eyJlMmJmYjczMC1lY2FhLTExZTYtOGY4OC0zNDM2M2JjN2M0YzAiOnsiY3JlYXRlIjoxMjAwMDAwMDAwMDAwLCJkZWxldGUiOjEyMDAwMDAwMDAwMDAsInVwZGF0ZSI6MTIwMDAwMDAwMDAwMH19",
          "dependencies": [
            "module.private_vertex_nb_instances.google_compute_network.vpc_network",
            "module.private_vertex_nb_instances.google_dns_response_policy.pga-response-policy"
          ]
        }
      ]
    },
    {
      "module": "module.private_vertex_nb_instances",
      "mode": "managed",
      "type": "google_dns_response_policy_rule",
      "name": "pkg-dev-response-policy-rule-cname",
      "provider": "provider[\"registry.terraform.io/hashicorp/google-beta\"]",
      "instances": [
        {
          "schema_version": 0,
          "attributes": {
            "behavior": "",
            "dns_name": "*.pkg.dev.",
            "id": "projects/turing-alcove-384403/responsePolicies/private-google-access1/rules/pkg-dev-cname",
            "local_data": [
              {
                "local_datas": [
                  {
                    "name": "*.pkg.dev.",
                    "rrdatas": [
                      "pkg.dev."
                    ],
                    "ttl": 300,
                    "type": "CNAME"
                  }
                ]
              }
            ],
            "project": "turing-alcove-384403",
            "response_policy": "private-google-access1",
            "rule_name": "pkg-dev-cname",
            "timeouts": null
          },
          "sensitive_attributes": [],
          "private": "eyJlMmJmYjczMC1lY2FhLTExZTYtOGY4OC0zNDM2M2JjN2M0YzAiOnsiY3JlYXRlIjoxMjAwMDAwMDAwMDAwLCJkZWxldGUiOjEyMDAwMDAwMDAwMDAsInVwZGF0ZSI6MTIwMDAwMDAwMDAwMH19",
          "dependencies": [
            "module.private_vertex_nb_instances.google_compute_network.vpc_network",
            "module.private_vertex_nb_instances.google_dns_response_policy.pga-response-policy"
          ]
        }
      ]
    },
    {
      "module": "module.private_vertex_nb_instances",
      "mode": "managed",
      "type": "google_dns_response_policy_rule",
      "name": "priv-googleapis-response-policy-rule-a",
      "provider": "provider[\"registry.terraform.io/hashicorp/google-beta\"]",
      "instances": [
        {
          "schema_version": 0,
          "attributes": {
            "behavior": "",
            "dns_name": "private.googleapis.com.",
            "id": "projects/turing-alcove-384403/responsePolicies/private-google-access1/rules/priv-googleapis-a",
            "local_data": [
              {
                "local_datas": [
                  {
                    "name": "private.googleapis.com.",
                    "rrdatas": [
                      "199.36.153.8",
                      "199.36.153.9",
                      "199.36.153.10",
                      "199.36.153.11"
                    ],
                    "ttl": 300,
                    "type": "A"
                  }
                ]
              }
            ],
            "project": "turing-alcove-384403",
            "response_policy": "private-google-access1",
            "rule_name": "priv-googleapis-a",
            "timeouts": null
          },
          "sensitive_attributes": [],
          "private": "eyJlMmJmYjczMC1lY2FhLTExZTYtOGY4OC0zNDM2M2JjN2M0YzAiOnsiY3JlYXRlIjoxMjAwMDAwMDAwMDAwLCJkZWxldGUiOjEyMDAwMDAwMDAwMDAsInVwZGF0ZSI6MTIwMDAwMDAwMDAwMH19",
          "dependencies": [
            "module.private_vertex_nb_instances.google_compute_network.vpc_network",
            "module.private_vertex_nb_instances.google_dns_response_policy.pga-response-policy"
          ]
        }
      ]
    },
    {
      "module": "module.private_vertex_nb_instances",
      "mode": "managed",
      "type": "google_notebooks_instance",
      "name": "notebook_instance",
      "provider": "module.private_vertex_nb_instances.provider[\"registry.terraform.io/hashicorp/google\"]",
      "instances": [
        {
          "index_key": "example-user-managed-instance",
          "schema_version": 1,
          "attributes": {
            "accelerator_config": [],
            "boot_disk_size_gb": 100,
            "boot_disk_type": "PD_STANDARD",
            "container_image": [
              {
                "repository": "gcr.io/deeplearning-platform-release/base-cpu",
                "tag": "latest"
              }
            ],
            "create_time": "2024-01-28T16:53:59.387885243Z",
            "custom_gpu_driver_path": "",
            "data_disk_size_gb": 100,
            "data_disk_type": null,
            "disk_encryption": "",
            "effective_labels": {
              "goog-caip-notebook": ""
            },
            "id": "projects/turing-alcove-384403/locations/us-west1-b/instances/example-user-managed-instance",
            "install_gpu_driver": false,
            "instance_owners": [
              "pmsgcp2301@gmail.com"
            ],
            "kms_key": "",
            "labels": {},
            "location": "us-west1-b",
            "machine_type": "n1-standard-4",
            "metadata": {
              "notebook-disable-downloads": "true",
              "notebook-disable-nbconvert": "true",
              "notebook-disable-root": "true",
              "report-system-health": "true",
              "terraform": "true"
            },
            "name": "example-user-managed-instance",
            "network": "https://www.googleapis.com/compute/v1/projects/turing-alcove-384403/global/networks/example-vpc",
            "nic_type": "",
            "no_proxy_access": false,
            "no_public_ip": true,
            "no_remove_data_disk": true,
            "post_startup_script": "",
            "project": "turing-alcove-384403",
            "proxy_uri": "185c71fed8569e92-dot-us-west1.notebooks.googleusercontent.com",
            "reservation_affinity": [],
            "service_account": "vertex-nb-sa@turing-alcove-384403.iam.gserviceaccount.com",
            "service_account_scopes": [],
            "shielded_instance_config": [
              {
                "enable_integrity_monitoring": true,
                "enable_secure_boot": false,
                "enable_vtpm": true
              }
            ],
            "state": "ACTIVE",
            "subnet": "https://www.googleapis.com/compute/v1/projects/turing-alcove-384403/regions/us-west1/subnetworks/example-vpc-vertex-subnet",
            "tags": [],
            "terraform_labels": {},
            "timeouts": null,
            "update_time": "2024-01-28T16:56:45.830045001Z",
            "vm_image": []
          },
          "sensitive_attributes": [],
          "private": "eyJlMmJmYjczMC1lY2FhLTExZTYtOGY4OC0zNDM2M2JjN2M0YzAiOnsiY3JlYXRlIjoxMjAwMDAwMDAwMDAwLCJkZWxldGUiOjEyMDAwMDAwMDAwMDAsInVwZGF0ZSI6MTIwMDAwMDAwMDAwMH0sInNjaGVtYV92ZXJzaW9uIjoiMSJ9",
          "dependencies": [
            "module.private_vertex_nb_instances.google_compute_network.vpc_network",
            "module.private_vertex_nb_instances.google_compute_subnetwork.vertex-subnetwork",
            "module.private_vertex_nb_instances.google_service_account.vertex_service_account"
          ]
        }
      ]
    },
    {
      "module": "module.private_vertex_nb_instances",
      "mode": "managed",
      "type": "google_project_iam_member",
      "name": "vertex_nb_sa",
      "provider": "module.private_vertex_nb_instances.provider[\"registry.terraform.io/hashicorp/google\"]",
      "instances": [
        {
          "index_key": "roles/aiplatform.user",
          "schema_version": 0,
          "attributes": {
            "condition": [],
            "etag": "BwYP+3Mj91k=",
            "id": "turing-alcove-384403/roles/aiplatform.user/serviceAccount:vertex-nb-sa@turing-alcove-384403.iam.gserviceaccount.com",
            "member": "serviceAccount:vertex-nb-sa@turing-alcove-384403.iam.gserviceaccount.com",
            "project": "turing-alcove-384403",
            "role": "roles/aiplatform.user"
          },
          "sensitive_attributes": [],
          "private": "bnVsbA==",
          "dependencies": [
            "module.private_vertex_nb_instances.google_service_account.vertex_service_account"
          ]
        },
        {
          "index_key": "roles/artifactregistry.admin",
          "schema_version": 0,
          "attributes": {
            "condition": [],
            "etag": "BwYP+3Mj91k=",
            "id": "turing-alcove-384403/roles/artifactregistry.admin/serviceAccount:vertex-nb-sa@turing-alcove-384403.iam.gserviceaccount.com",
            "member": "serviceAccount:vertex-nb-sa@turing-alcove-384403.iam.gserviceaccount.com",
            "project": "turing-alcove-384403",
            "role": "roles/artifactregistry.admin"
          },
          "sensitive_attributes": [],
          "private": "bnVsbA==",
          "dependencies": [
            "module.private_vertex_nb_instances.google_service_account.vertex_service_account"
          ]
        },
        {
          "index_key": "roles/bigquery.dataEditor",
          "schema_version": 0,
          "attributes": {
            "condition": [],
            "etag": "BwYP+3Mj91k=",
            "id": "turing-alcove-384403/roles/bigquery.dataEditor/serviceAccount:vertex-nb-sa@turing-alcove-384403.iam.gserviceaccount.com",
            "member": "serviceAccount:vertex-nb-sa@turing-alcove-384403.iam.gserviceaccount.com",
            "project": "turing-alcove-384403",
            "role": "roles/bigquery.dataEditor"
          },
          "sensitive_attributes": [],
          "private": "bnVsbA==",
          "dependencies": [
            "module.private_vertex_nb_instances.google_service_account.vertex_service_account"
          ]
        },
        {
          "index_key": "roles/bigquery.dataOwner",
          "schema_version": 0,
          "attributes": {
            "condition": [],
            "etag": "BwYP+3Mj91k=",
            "id": "turing-alcove-384403/roles/bigquery.dataOwner/serviceAccount:vertex-nb-sa@turing-alcove-384403.iam.gserviceaccount.com",
            "member": "serviceAccount:vertex-nb-sa@turing-alcove-384403.iam.gserviceaccount.com",
            "project": "turing-alcove-384403",
            "role": "roles/bigquery.dataOwner"
          },
          "sensitive_attributes": [],
          "private": "bnVsbA==",
          "dependencies": [
            "module.private_vertex_nb_instances.google_service_account.vertex_service_account"
          ]
        },
        {
          "index_key": "roles/bigquery.jobUser",
          "schema_version": 0,
          "attributes": {
            "condition": [],
            "etag": "BwYP+3Mj91k=",
            "id": "turing-alcove-384403/roles/bigquery.jobUser/serviceAccount:vertex-nb-sa@turing-alcove-384403.iam.gserviceaccount.com",
            "member": "serviceAccount:vertex-nb-sa@turing-alcove-384403.iam.gserviceaccount.com",
            "project": "turing-alcove-384403",
            "role": "roles/bigquery.jobUser"
          },
          "sensitive_attributes": [],
          "private": "bnVsbA==",
          "dependencies": [
            "module.private_vertex_nb_instances.google_service_account.vertex_service_account"
          ]
        },
        {
          "index_key": "roles/bigquery.user",
          "schema_version": 0,
          "attributes": {
            "condition": [],
            "etag": "BwYP+3Mj91k=",
            "id": "turing-alcove-384403/roles/bigquery.user/serviceAccount:vertex-nb-sa@turing-alcove-384403.iam.gserviceaccount.com",
            "member": "serviceAccount:vertex-nb-sa@turing-alcove-384403.iam.gserviceaccount.com",
            "project": "turing-alcove-384403",
            "role": "roles/bigquery.user"
          },
          "sensitive_attributes": [],
          "private": "bnVsbA==",
          "dependencies": [
            "module.private_vertex_nb_instances.google_service_account.vertex_service_account"
          ]
        },
        {
          "index_key": "roles/dataproc.editor",
          "schema_version": 0,
          "attributes": {
            "condition": [],
            "etag": "BwYP+3Mj91k=",
            "id": "turing-alcove-384403/roles/dataproc.editor/serviceAccount:vertex-nb-sa@turing-alcove-384403.iam.gserviceaccount.com",
            "member": "serviceAccount:vertex-nb-sa@turing-alcove-384403.iam.gserviceaccount.com",
            "project": "turing-alcove-384403",
            "role": "roles/dataproc.editor"
          },
          "sensitive_attributes": [],
          "private": "bnVsbA==",
          "dependencies": [
            "module.private_vertex_nb_instances.google_service_account.vertex_service_account"
          ]
        },
        {
          "index_key": "roles/dataproc.hubAgent",
          "schema_version": 0,
          "attributes": {
            "condition": [],
            "etag": "BwYP+3Mj91k=",
            "id": "turing-alcove-384403/roles/dataproc.hubAgent/serviceAccount:vertex-nb-sa@turing-alcove-384403.iam.gserviceaccount.com",
            "member": "serviceAccount:vertex-nb-sa@turing-alcove-384403.iam.gserviceaccount.com",
            "project": "turing-alcove-384403",
            "role": "roles/dataproc.hubAgent"
          },
          "sensitive_attributes": [],
          "private": "bnVsbA==",
          "dependencies": [
            "module.private_vertex_nb_instances.google_service_account.vertex_service_account"
          ]
        },
        {
          "index_key": "roles/iam.serviceAccountUser",
          "schema_version": 0,
          "attributes": {
            "condition": [],
            "etag": "BwYP+3Mj91k=",
            "id": "turing-alcove-384403/roles/iam.serviceAccountUser/serviceAccount:vertex-nb-sa@turing-alcove-384403.iam.gserviceaccount.com",
            "member": "serviceAccount:vertex-nb-sa@turing-alcove-384403.iam.gserviceaccount.com",
            "project": "turing-alcove-384403",
            "role": "roles/iam.serviceAccountUser"
          },
          "sensitive_attributes": [],
          "private": "bnVsbA==",
          "dependencies": [
            "module.private_vertex_nb_instances.google_service_account.vertex_service_account"
          ]
        },
        {
          "index_key": "roles/logging.admin",
          "schema_version": 0,
          "attributes": {
            "condition": [],
            "etag": "BwYP+3Mj91k=",
            "id": "turing-alcove-384403/roles/logging.admin/serviceAccount:vertex-nb-sa@turing-alcove-384403.iam.gserviceaccount.com",
            "member": "serviceAccount:vertex-nb-sa@turing-alcove-384403.iam.gserviceaccount.com",
            "project": "turing-alcove-384403",
            "role": "roles/logging.admin"
          },
          "sensitive_attributes": [],
          "private": "bnVsbA==",
          "dependencies": [
            "module.private_vertex_nb_instances.google_service_account.vertex_service_account"
          ]
        },
        {
          "index_key": "roles/notebooks.admin",
          "schema_version": 0,
          "attributes": {
            "condition": [],
            "etag": "BwYP+3Mj91k=",
            "id": "turing-alcove-384403/roles/notebooks.admin/serviceAccount:vertex-nb-sa@turing-alcove-384403.iam.gserviceaccount.com",
            "member": "serviceAccount:vertex-nb-sa@turing-alcove-384403.iam.gserviceaccount.com",
            "project": "turing-alcove-384403",
            "role": "roles/notebooks.admin"
          },
          "sensitive_attributes": [],
          "private": "bnVsbA==",
          "dependencies": [
            "module.private_vertex_nb_instances.google_service_account.vertex_service_account"
          ]
        },
        {
          "index_key": "roles/storage.admin",
          "schema_version": 0,
          "attributes": {
            "condition": [],
            "etag": "BwYP+3Mj91k=",
            "id": "turing-alcove-384403/roles/storage.admin/serviceAccount:vertex-nb-sa@turing-alcove-384403.iam.gserviceaccount.com",
            "member": "serviceAccount:vertex-nb-sa@turing-alcove-384403.iam.gserviceaccount.com",
            "project": "turing-alcove-384403",
            "role": "roles/storage.admin"
          },
          "sensitive_attributes": [],
          "private": "bnVsbA==",
          "dependencies": [
            "module.private_vertex_nb_instances.google_service_account.vertex_service_account"
          ]
        },
        {
          "index_key": "roles/storage.objectAdmin",
          "schema_version": 0,
          "attributes": {
            "condition": [],
            "etag": "BwYP+3Mj91k=",
            "id": "turing-alcove-384403/roles/storage.objectAdmin/serviceAccount:vertex-nb-sa@turing-alcove-384403.iam.gserviceaccount.com",
            "member": "serviceAccount:vertex-nb-sa@turing-alcove-384403.iam.gserviceaccount.com",
            "project": "turing-alcove-384403",
            "role": "roles/storage.objectAdmin"
          },
          "sensitive_attributes": [],
          "private": "bnVsbA==",
          "dependencies": [
            "module.private_vertex_nb_instances.google_service_account.vertex_service_account"
          ]
        }
      ]
    },
    {
      "module": "module.private_vertex_nb_instances",
      "mode": "managed",
      "type": "google_service_account",
      "name": "vertex_service_account",
      "provider": "module.private_vertex_nb_instances.provider[\"registry.terraform.io/hashicorp/google\"]",
      "instances": [
        {
          "schema_version": 0,
          "attributes": {
            "account_id": "vertex-nb-sa",
            "create_ignore_already_exists": null,
            "description": "",
            "disabled": false,
            "display_name": "Vertex User Managed Service Account",
            "email": "vertex-nb-sa@turing-alcove-384403.iam.gserviceaccount.com",
            "id": "projects/turing-alcove-384403/serviceAccounts/vertex-nb-sa@turing-alcove-384403.iam.gserviceaccount.com",
            "member": "serviceAccount:vertex-nb-sa@turing-alcove-384403.iam.gserviceaccount.com",
            "name": "projects/turing-alcove-384403/serviceAccounts/vertex-nb-sa@turing-alcove-384403.iam.gserviceaccount.com",
            "project": "turing-alcove-384403",
            "timeouts": null,
            "unique_id": "116905152774625935065"
          },
          "sensitive_attributes": [],
          "private": "eyJlMmJmYjczMC1lY2FhLTExZTYtOGY4OC0zNDM2M2JjN2M0YzAiOnsiY3JlYXRlIjozMDAwMDAwMDAwMDB9fQ=="
        }
      ]
    },
    {
      "module": "module.private_vertex_nb_instances",
      "mode": "managed",
      "type": "google_service_networking_connection",
      "name": "service_peering",
      "provider": "module.private_vertex_nb_instances.provider[\"registry.terraform.io/hashicorp/google\"]",
      "instances": [
        {
          "schema_version": 0,
          "attributes": {
            "deletion_policy": null,
            "id": "projects%2Fturing-alcove-384403%2Fglobal%2Fnetworks%2Fexample-vpc:servicenetworking.googleapis.com",
            "network": "projects/turing-alcove-384403/global/networks/example-vpc",
            "peering": "servicenetworking-googleapis-com",
            "reserved_peering_ranges": [
              "example-vpc-private-ip-alloc"
            ],
            "service": "servicenetworking.googleapis.com",
            "timeouts": null
          },
          "sensitive_attributes": [],
          "private": "eyJlMmJmYjczMC1lY2FhLTExZTYtOGY4OC0zNDM2M2JjN2M0YzAiOnsiY3JlYXRlIjo2MDAwMDAwMDAwMDAsImRlbGV0ZSI6NjAwMDAwMDAwMDAwLCJ1cGRhdGUiOjYwMDAwMDAwMDAwMH19",
          "dependencies": [
            "module.private_vertex_nb_instances.google_compute_global_address.private_ip_alloc",
            "module.private_vertex_nb_instances.google_compute_network.vpc_network"
          ]
        }
      ]
    },
    {
      "module": "module.private_vertex_nb_instances",
      "mode": "managed",
      "type": "google_storage_bucket",
      "name": "bucket",
      "provider": "module.private_vertex_nb_instances.provider[\"registry.terraform.io/hashicorp/google\"]",
      "instances": [
        {
          "schema_version": 1,
          "attributes": {
            "autoclass": [],
            "cors": [],
            "custom_placement_config": [],
            "default_event_based_hold": false,
            "effective_labels": {
              "foo": "bar"
            },
            "enable_object_retention": false,
            "encryption": [],
            "force_destroy": true,
            "id": "pms-bucket-name",
            "labels": {
              "foo": "bar"
            },
            "lifecycle_rule": [],
            "location": "US-WEST1",
            "logging": [],
            "name": "pms-bucket-name",
            "project": "turing-alcove-384403",
            "public_access_prevention": "inherited",
            "requester_pays": false,
            "retention_policy": [],
            "rpo": null,
            "self_link": "https://www.googleapis.com/storage/v1/b/pms-bucket-name",
            "storage_class": "STANDARD",
            "terraform_labels": {
              "foo": "bar"
            },
            "timeouts": null,
            "uniform_bucket_level_access": true,
            "url": "gs://pms-bucket-name",
            "versioning": [],
            "website": []
          },
          "sensitive_attributes": [],
          "private": "eyJlMmJmYjczMC1lY2FhLTExZTYtOGY4OC0zNDM2M2JjN2M0YzAiOnsiY3JlYXRlIjo2MDAwMDAwMDAwMDAsInJlYWQiOjI0MDAwMDAwMDAwMCwidXBkYXRlIjoyNDAwMDAwMDAwMDB9LCJzY2hlbWFfdmVyc2lvbiI6IjEifQ=="
        }
      ]
    },
    {
      "module": "module.private_vertex_nb_instances",
      "mode": "managed",
      "type": "google_storage_bucket_object",
      "name": "postscript",
      "provider": "module.private_vertex_nb_instances.provider[\"registry.terraform.io/hashicorp/google\"]",
      "instances": [
        {
          "schema_version": 0,
          "attributes": {
            "bucket": "pms-bucket-name",
            "cache_control": "",
            "content": null,
            "content_disposition": "",
            "content_encoding": "",
            "content_language": "",
            "content_type": "text/plain; charset=utf-8",
            "crc32c": "ltUOpQ==",
            "customer_encryption": [],
            "detect_md5hash": "oFO8bHfNLYZnnjeIPY65JQ==",
            "event_based_hold": false,
            "id": "pms-bucket-name-post_startup_script.sh",
            "kms_key_name": "",
            "md5hash": "oFO8bHfNLYZnnjeIPY65JQ==",
            "media_link": "https://storage.googleapis.com/download/storage/v1/b/pms-bucket-name/o/post_startup_script.sh?generation=1706422484769017\u0026alt=media",
            "metadata": {},
            "name": "post_startup_script.sh",
            "output_name": "post_startup_script.sh",
            "retention": [],
            "self_link": "https://www.googleapis.com/storage/v1/b/pms-bucket-name/o/post_startup_script.sh",
            "source": "../bootstrap_files/post_startup_script.sh",
            "storage_class": "STANDARD",
            "temporary_hold": false,
            "timeouts": null
          },
          "sensitive_attributes": [],
          "private": "eyJlMmJmYjczMC1lY2FhLTExZTYtOGY4OC0zNDM2M2JjN2M0YzAiOnsiY3JlYXRlIjoyNDAwMDAwMDAwMDAsImRlbGV0ZSI6MjQwMDAwMDAwMDAwLCJ1cGRhdGUiOjI0MDAwMDAwMDAwMH19",
          "dependencies": [
            "module.private_vertex_nb_instances.google_storage_bucket.bucket"
          ]
        }
      ]
    }
  ],
  "check_results": null
}
